
Microsoft Visual Studio Solution File, Format Version 12.00
# Visual Studio Version 17
VisualStudioVersion = 17.1.32210.238
MinimumVisualStudioVersion = 10.0.40219.1
Project("{9A19103F-16F7-4668-BE54-9A1E7A4F7556}") = "PhishingPortal.Core", "PhishingPortal.Core\PhishingPortal.Core.csproj", "{F445C71B-3C4D-4F0A-8C43-D4D6D41B76E4}"
EndProject
Project("{2150E333-8FDC-42A3-9474-1A3956D46DE8}") = "UI", "UI", "{32603D23-86A2-4FA3-A57F-0F02841B2498}"
EndProject
Project("{2150E333-8FDC-42A3-9474-1A3956D46DE8}") = "Identity", "Identity", "{16827563-5377-4EE2-B62C-3F0650DD68AE}"
EndProject
Project("{9A19103F-16F7-4668-BE54-9A1E7A4F7556}") = "PhishingPortal.IdentityService", "PhishingPortal.IdentityService\PhishingPortal.IdentityService.csproj", "{D3CA53A5-8784-4AF5-9B9C-4629CF608C40}"
EndProject
Project("{9A19103F-16F7-4668-BE54-9A1E7A4F7556}") = "PhisingPortal.IdentityServer", "PhisingPortal.IdentityServer\PhisingPortal.IdentityServer.csproj", "{ADAEF378-C381-4026-A474-D811AC6E60FF}"
EndProject
Project("{2150E333-8FDC-42A3-9474-1A3956D46DE8}") = "Shared", "Shared", "{E5053D1B-8C49-42BC-8CDD-134B91B2C268}"
EndProject
Project("{9A19103F-16F7-4668-BE54-9A1E7A4F7556}") = "PhishingPortal.Dto", "PhishingPortal.Dto\PhishingPortal.Dto.csproj", "{F65D7124-86FE-43D6-8BB7-141C52A1E8D6}"
EndProject
Project("{2150E333-8FDC-42A3-9474-1A3956D46DE8}") = "Server", "Server", "{1235EBC8-4F6F-497D-B55F-E76A77334336}"
EndProject
Project("{9A19103F-16F7-4668-BE54-9A1E7A4F7556}") = "PhishingPortal.Domain", "PhishingPortal.Domain\PhishingPortal.Domain.csproj", "{28B1B530-3441-423E-936C-03B32507492E}"
EndProject
Project("{9A19103F-16F7-4668-BE54-9A1E7A4F7556}") = "PhishingPortal.UI.Blazor", "PhishingPortal.UI.Blazor\PhishingPortal.UI.Blazor.csproj", "{F6723A0F-B15A-4B76-AE60-3FD9FF893748}"
EndProject
Project("{2150E333-8FDC-42A3-9474-1A3956D46DE8}") = "Utilities", "Utilities", "{8F04C3DA-E1DD-483D-A463-0CAB14B85827}"
EndProject
Project("{9A19103F-16F7-4668-BE54-9A1E7A4F7556}") = "CertificateManagementConsole", "CertificateManagementConsole\CertificateManagementConsole.csproj", "{44BC13F4-E2CC-45F1-9DEF-A961DCAEDA5C}"
EndProject
Project("{9A19103F-16F7-4668-BE54-9A1E7A4F7556}") = "PhishingPortal.Server", "PhishingPortal.Server\PhishingPortal.Server.csproj", "{E95C9A03-4A77-4B42-9C33-B69C674ECF3E}"
EndProject
Project("{FAE04EC0-301F-11D3-BF4B-00C04F79EFBC}") = "PhishingPortal.Repositories", "PhishingPortal.Repositories\PhishingPortal.Repositories.csproj", "{7C6D04E6-36B3-4595-8F32-C6C591B35CE6}"
EndProject
Project("{9A19103F-16F7-4668-BE54-9A1E7A4F7556}") = "PhishingPortal.DataContext", "PhishingPortal.DataContext\PhishingPortal.DataContext.csproj", "{7D2A038F-A2E6-4DD7-B1EE-0503E9C0337A}"
EndProject
Global
	GlobalSection(SolutionConfigurationPlatforms) = preSolution
		Debug|Any CPU = Debug|Any CPU
		Release|Any CPU = Release|Any CPU
	EndGlobalSection
	GlobalSection(ProjectConfigurationPlatforms) = postSolution
		{F445C71B-3C4D-4F0A-8C43-D4D6D41B76E4}.Debug|Any CPU.ActiveCfg = Debug|Any CPU
		{F445C71B-3C4D-4F0A-8C43-D4D6D41B76E4}.Debug|Any CPU.Build.0 = Debug|Any CPU
		{F445C71B-3C4D-4F0A-8C43-D4D6D41B76E4}.Release|Any CPU.ActiveCfg = Release|Any CPU
		{F445C71B-3C4D-4F0A-8C43-D4D6D41B76E4}.Release|Any CPU.Build.0 = Release|Any CPU
		{D3CA53A5-8784-4AF5-9B9C-4629CF608C40}.Debug|Any CPU.ActiveCfg = Debug|Any CPU
		{D3CA53A5-8784-4AF5-9B9C-4629CF608C40}.Debug|Any CPU.Build.0 = Debug|Any CPU
		{D3CA53A5-8784-4AF5-9B9C-4629CF608C40}.Release|Any CPU.ActiveCfg = Release|Any CPU
		{D3CA53A5-8784-4AF5-9B9C-4629CF608C40}.Release|Any CPU.Build.0 = Release|Any CPU
		{ADAEF378-C381-4026-A474-D811AC6E60FF}.Debug|Any CPU.ActiveCfg = Debug|Any CPU
		{ADAEF378-C381-4026-A474-D811AC6E60FF}.Debug|Any CPU.Build.0 = Debug|Any CPU
		{ADAEF378-C381-4026-A474-D811AC6E60FF}.Release|Any CPU.ActiveCfg = Release|Any CPU
		{ADAEF378-C381-4026-A474-D811AC6E60FF}.Release|Any CPU.Build.0 = Release|Any CPU
		{F65D7124-86FE-43D6-8BB7-141C52A1E8D6}.Debug|Any CPU.ActiveCfg = Debug|Any CPU
		{F65D7124-86FE-43D6-8BB7-141C52A1E8D6}.Debug|Any CPU.Build.0 = Debug|Any CPU
		{F65D7124-86FE-43D6-8BB7-141C52A1E8D6}.Release|Any CPU.ActiveCfg = Release|Any CPU
		{F65D7124-86FE-43D6-8BB7-141C52A1E8D6}.Release|Any CPU.Build.0 = Release|Any CPU
		{28B1B530-3441-423E-936C-03B32507492E}.Debug|Any CPU.ActiveCfg = Debug|Any CPU
		{28B1B530-3441-423E-936C-03B32507492E}.Debug|Any CPU.Build.0 = Debug|Any CPU
		{28B1B530-3441-423E-936C-03B32507492E}.Release|Any CPU.ActiveCfg = Release|Any CPU
		{28B1B530-3441-423E-936C-03B32507492E}.Release|Any CPU.Build.0 = Release|Any CPU
		{F6723A0F-B15A-4B76-AE60-3FD9FF893748}.Debug|Any CPU.ActiveCfg = Debug|Any CPU
		{F6723A0F-B15A-4B76-AE60-3FD9FF893748}.Debug|Any CPU.Build.0 = Debug|Any CPU
		{F6723A0F-B15A-4B76-AE60-3FD9FF893748}.Release|Any CPU.ActiveCfg = Release|Any CPU
		{F6723A0F-B15A-4B76-AE60-3FD9FF893748}.Release|Any CPU.Build.0 = Release|Any CPU
		{44BC13F4-E2CC-45F1-9DEF-A961DCAEDA5C}.Debug|Any CPU.ActiveCfg = Debug|Any CPU
		{44BC13F4-E2CC-45F1-9DEF-A961DCAEDA5C}.Debug|Any CPU.Build.0 = Debug|Any CPU
		{44BC13F4-E2CC-45F1-9DEF-A961DCAEDA5C}.Release|Any CPU.ActiveCfg = Release|Any CPU
		{44BC13F4-E2CC-45F1-9DEF-A961DCAEDA5C}.Release|Any CPU.Build.0 = Release|Any CPU
		{E95C9A03-4A77-4B42-9C33-B69C674ECF3E}.Debug|Any CPU.ActiveCfg = Debug|Any CPU
		{E95C9A03-4A77-4B42-9C33-B69C674ECF3E}.Debug|Any CPU.Build.0 = Debug|Any CPU
		{E95C9A03-4A77-4B42-9C33-B69C674ECF3E}.Release|Any CPU.ActiveCfg = Release|Any CPU
		{E95C9A03-4A77-4B42-9C33-B69C674ECF3E}.Release|Any CPU.Build.0 = Release|Any CPU
		{7C6D04E6-36B3-4595-8F32-C6C591B35CE6}.Debug|Any CPU.ActiveCfg = Debug|Any CPU
		{7C6D04E6-36B3-4595-8F32-C6C591B35CE6}.Debug|Any CPU.Build.0 = Debug|Any CPU
		{7C6D04E6-36B3-4595-8F32-C6C591B35CE6}.Release|Any CPU.ActiveCfg = Release|Any CPU
		{7C6D04E6-36B3-4595-8F32-C6C591B35CE6}.Release|Any CPU.Build.0 = Release|Any CPU
		{7D2A038F-A2E6-4DD7-B1EE-0503E9C0337A}.Debug|Any CPU.ActiveCfg = Debug|Any CPU
		{7D2A038F-A2E6-4DD7-B1EE-0503E9C0337A}.Debug|Any CPU.Build.0 = Debug|Any CPU
		{7D2A038F-A2E6-4DD7-B1EE-0503E9C0337A}.Release|Any CPU.ActiveCfg = Release|Any CPU
		{7D2A038F-A2E6-4DD7-B1EE-0503E9C0337A}.Release|Any CPU.Build.0 = Release|Any CPU
	EndGlobalSection
	GlobalSection(SolutionProperties) = preSolution
		HideSolutionNode = FALSE
	EndGlobalSection
	GlobalSection(NestedProjects) = preSolution
		{F445C71B-3C4D-4F0A-8C43-D4D6D41B76E4} = {E5053D1B-8C49-42BC-8CDD-134B91B2C268}
		{D3CA53A5-8784-4AF5-9B9C-4629CF608C40} = {16827563-5377-4EE2-B62C-3F0650DD68AE}
		{ADAEF378-C381-4026-A474-D811AC6E60FF} = {16827563-5377-4EE2-B62C-3F0650DD68AE}
		{F65D7124-86FE-43D6-8BB7-141C52A1E8D6} = {E5053D1B-8C49-42BC-8CDD-134B91B2C268}
		{28B1B530-3441-423E-936C-03B32507492E} = {E5053D1B-8C49-42BC-8CDD-134B91B2C268}
		{F6723A0F-B15A-4B76-AE60-3FD9FF893748} = {32603D23-86A2-4FA3-A57F-0F02841B2498}
		{44BC13F4-E2CC-45F1-9DEF-A961DCAEDA5C} = {8F04C3DA-E1DD-483D-A463-0CAB14B85827}
		{E95C9A03-4A77-4B42-9C33-B69C674ECF3E} = {1235EBC8-4F6F-497D-B55F-E76A77334336}
		{7C6D04E6-36B3-4595-8F32-C6C591B35CE6} = {E5053D1B-8C49-42BC-8CDD-134B91B2C268}
		{7D2A038F-A2E6-4DD7-B1EE-0503E9C0337A} = {E5053D1B-8C49-42BC-8CDD-134B91B2C268}
	EndGlobalSection
	GlobalSection(ExtensibilityGlobals) = postSolution
		SolutionGuid = {B3B8205F-FBA7-4A7D-BFCB-4EDF19CE3CD8}
	EndGlobalSection
EndGlobal
